
Microsoft Visual Studio Solution File, Format Version 12.00
# Visual Studio Version 17
VisualStudioVersion = 17.7.34031.279
MinimumVisualStudioVersion = 10.0.40219.1
Project("{FAE04EC0-301F-11D3-BF4B-00C04F79EFBC}") = "savichev9pr", "savichev9pr.csproj", "{0D460B11-75B7-4AEE-A80B-17AE404D9F6B}"
EndProject
Global
	GlobalSection(SolutionConfigurationPlatforms) = preSolution
		Debug|Any CPU = Debug|Any CPU
		Release|Any CPU = Release|Any CPU
	EndGlobalSection
	GlobalSection(ProjectConfigurationPlatforms) = postSolution
		{0D460B11-75B7-4AEE-A80B-17AE404D9F6B}.Debug|Any CPU.ActiveCfg = Debug|Any CPU
		{0D460B11-75B7-4AEE-A80B-17AE404D9F6B}.Debug|Any CPU.Build.0 = Debug|Any CPU
		{0D460B11-75B7-4AEE-A80B-17AE404D9F6B}.Release|Any CPU.ActiveCfg = Release|Any CPU
		{0D460B11-75B7-4AEE-A80B-17AE404D9F6B}.Release|Any CPU.Build.0 = Release|Any CPU
	EndGlobalSection
	GlobalSection(SolutionProperties) = preSolution
		HideSolutionNode = FALSE
	EndGlobalSection
	GlobalSection(ExtensibilityGlobals) = postSolution
		SolutionGuid = {BA45C855-CEA9-4B7E-8288-EAB1DE741EAA}
	EndGlobalSection
EndGlobal
